// !$*UTF8*$!
{
	archiveVersion = 1;
	classes = {
	};
	objectVersion = 46;
	objects = {

/* Begin PBXBuildFile section */
		9D9EAA571804E8FD00E2A6C7 /* Foundation.framework in Frameworks */ = {isa = PBXBuildFile; fileRef = 9D9EAA561804E8FD00E2A6C7 /* Foundation.framework */; };
		9D9EAA591804E8FD00E2A6C7 /* CoreGraphics.framework in Frameworks */ = {isa = PBXBuildFile; fileRef = 9D9EAA581804E8FD00E2A6C7 /* CoreGraphics.framework */; };
		9D9EAA5B1804E8FD00E2A6C7 /* UIKit.framework in Frameworks */ = {isa = PBXBuildFile; fileRef = 9D9EAA5A1804E8FD00E2A6C7 /* UIKit.framework */; };
		9D9EAA611804E8FD00E2A6C7 /* InfoPlist.strings in Resources */ = {isa = PBXBuildFile; fileRef = 9D9EAA5F1804E8FD00E2A6C7 /* InfoPlist.strings */; };
		9D9EAA631804E8FD00E2A6C7 /* main.m in Sources */ = {isa = PBXBuildFile; fileRef = 9D9EAA621804E8FD00E2A6C7 /* main.m */; };
		9D9EAA671804E8FD00E2A6C7 /* ORSAppDelegate.m in Sources */ = {isa = PBXBuildFile; fileRef = 9D9EAA661804E8FD00E2A6C7 /* ORSAppDelegate.m */; };
		9D9EAA6A1804E8FD00E2A6C7 /* Main.storyboard in Resources */ = {isa = PBXBuildFile; fileRef = 9D9EAA681804E8FD00E2A6C7 /* Main.storyboard */; };
		9D9EAA6D1804E8FD00E2A6C7 /* ORSViewController.m in Sources */ = {isa = PBXBuildFile; fileRef = 9D9EAA6C1804E8FD00E2A6C7 /* ORSViewController.m */; };
		9D9EAA6F1804E8FD00E2A6C7 /* Images.xcassets in Resources */ = {isa = PBXBuildFile; fileRef = 9D9EAA6E1804E8FD00E2A6C7 /* Images.xcassets */; };
		9D9EAA761804E8FD00E2A6C7 /* XCTest.framework in Frameworks */ = {isa = PBXBuildFile; fileRef = 9D9EAA751804E8FD00E2A6C7 /* XCTest.framework */; };
		9D9EAA771804E8FD00E2A6C7 /* Foundation.framework in Frameworks */ = {isa = PBXBuildFile; fileRef = 9D9EAA561804E8FD00E2A6C7 /* Foundation.framework */; };
		9D9EAA781804E8FD00E2A6C7 /* UIKit.framework in Frameworks */ = {isa = PBXBuildFile; fileRef = 9D9EAA5A1804E8FD00E2A6C7 /* UIKit.framework */; };
		9D9EAA801804E8FD00E2A6C7 /* InfoPlist.strings in Resources */ = {isa = PBXBuildFile; fileRef = 9D9EAA7E1804E8FD00E2A6C7 /* InfoPlist.strings */; };
		9D9EAA821804E8FD00E2A6C7 /* PluralDemoTests.m in Sources */ = {isa = PBXBuildFile; fileRef = 9D9EAA811804E8FD00E2A6C7 /* PluralDemoTests.m */; };
		9D9EAA911804F7B200E2A6C7 /* Localizable.stringsdict in Resources */ = {isa = PBXBuildFile; fileRef = 9D9EAA8F1804F7B200E2A6C7 /* Localizable.stringsdict */; };
/* End PBXBuildFile section */

/* Begin PBXContainerItemProxy section */
		9D9EAA791804E8FD00E2A6C7 /* PBXContainerItemProxy */ = {
			isa = PBXContainerItemProxy;
			containerPortal = 9D9EAA4B1804E8FD00E2A6C7 /* Project object */;
			proxyType = 1;
			remoteGlobalIDString = 9D9EAA521804E8FD00E2A6C7;
			remoteInfo = PluralDemo;
		};
/* End PBXContainerItemProxy section */

/* Begin PBXFileReference section */
		9D9EAA531804E8FD00E2A6C7 /* PluralDemo.app */ = {isa = PBXFileReference; explicitFileType = wrapper.application; includeInIndex = 0; path = PluralDemo.app; sourceTree = BUILT_PRODUCTS_DIR; };
		9D9EAA561804E8FD00E2A6C7 /* Foundation.framework */ = {isa = PBXFileReference; lastKnownFileType = wrapper.framework; name = Foundation.framework; path = System/Library/Frameworks/Foundation.framework; sourceTree = SDKROOT; };
		9D9EAA581804E8FD00E2A6C7 /* CoreGraphics.framework */ = {isa = PBXFileReference; lastKnownFileType = wrapper.framework; name = CoreGraphics.framework; path = System/Library/Frameworks/CoreGraphics.framework; sourceTree = SDKROOT; };
		9D9EAA5A1804E8FD00E2A6C7 /* UIKit.framework */ = {isa = PBXFileReference; lastKnownFileType = wrapper.framework; name = UIKit.framework; path = System/Library/Frameworks/UIKit.framework; sourceTree = SDKROOT; };
		9D9EAA5E1804E8FD00E2A6C7 /* PluralDemo-Info.plist */ = {isa = PBXFileReference; lastKnownFileType = text.plist.xml; path = "PluralDemo-Info.plist"; sourceTree = "<group>"; };
		9D9EAA601804E8FD00E2A6C7 /* en */ = {isa = PBXFileReference; lastKnownFileType = text.plist.strings; name = en; path = en.lproj/InfoPlist.strings; sourceTree = "<group>"; };
		9D9EAA621804E8FD00E2A6C7 /* main.m */ = {isa = PBXFileReference; lastKnownFileType = sourcecode.c.objc; path = main.m; sourceTree = "<group>"; };
		9D9EAA641804E8FD00E2A6C7 /* PluralDemo-Prefix.pch */ = {isa = PBXFileReference; lastKnownFileType = sourcecode.c.h; path = "PluralDemo-Prefix.pch"; sourceTree = "<group>"; };
		9D9EAA651804E8FD00E2A6C7 /* ORSAppDelegate.h */ = {isa = PBXFileReference; lastKnownFileType = sourcecode.c.h; path = ORSAppDelegate.h; sourceTree = "<group>"; };
		9D9EAA661804E8FD00E2A6C7 /* ORSAppDelegate.m */ = {isa = PBXFileReference; lastKnownFileType = sourcecode.c.objc; path = ORSAppDelegate.m; sourceTree = "<group>"; };
		9D9EAA691804E8FD00E2A6C7 /* Base */ = {isa = PBXFileReference; lastKnownFileType = file.storyboard; name = Base; path = Base.lproj/Main.storyboard; sourceTree = "<group>"; };
		9D9EAA6B1804E8FD00E2A6C7 /* ORSViewController.h */ = {isa = PBXFileReference; lastKnownFileType = sourcecode.c.h; path = ORSViewController.h; sourceTree = "<group>"; };
		9D9EAA6C1804E8FD00E2A6C7 /* ORSViewController.m */ = {isa = PBXFileReference; lastKnownFileType = sourcecode.c.objc; path = ORSViewController.m; sourceTree = "<group>"; };
		9D9EAA6E1804E8FD00E2A6C7 /* Images.xcassets */ = {isa = PBXFileReference; lastKnownFileType = folder.assetcatalog; path = Images.xcassets; sourceTree = "<group>"; };
		9D9EAA741804E8FD00E2A6C7 /* PluralDemoTests.xctest */ = {isa = PBXFileReference; explicitFileType = wrapper.cfbundle; includeInIndex = 0; path = PluralDemoTests.xctest; sourceTree = BUILT_PRODUCTS_DIR; };
		9D9EAA751804E8FD00E2A6C7 /* XCTest.framework */ = {isa = PBXFileReference; lastKnownFileType = wrapper.framework; name = XCTest.framework; path = Library/Frameworks/XCTest.framework; sourceTree = DEVELOPER_DIR; };
		9D9EAA7D1804E8FD00E2A6C7 /* PluralDemoTests-Info.plist */ = {isa = PBXFileReference; lastKnownFileType = text.plist.xml; path = "PluralDemoTests-Info.plist"; sourceTree = "<group>"; };
		9D9EAA7F1804E8FD00E2A6C7 /* en */ = {isa = PBXFileReference; lastKnownFileType = text.plist.strings; name = en; path = en.lproj/InfoPlist.strings; sourceTree = "<group>"; };
		9D9EAA811804E8FD00E2A6C7 /* PluralDemoTests.m */ = {isa = PBXFileReference; lastKnownFileType = sourcecode.c.objc; path = PluralDemoTests.m; sourceTree = "<group>"; };
		9D9EAA901804F7B200E2A6C7 /* en */ = {isa = PBXFileReference; lastKnownFileType = text.xml; name = en; path = en.lproj/Localizable.stringsdict; sourceTree = "<group>"; };
		9D9EAA921804F8C200E2A6C7 /* Base */ = {isa = PBXFileReference; lastKnownFileType = text.xml; name = Base; path = Base.lproj/Localizable.stringsdict; sourceTree = "<group>"; };
/* End PBXFileReference section */

/* Begin PBXFrameworksBuildPhase section */
		9D9EAA501804E8FD00E2A6C7 /* Frameworks */ = {
			isa = PBXFrameworksBuildPhase;
			buildActionMask = 2147483647;
			files = (
				9D9EAA591804E8FD00E2A6C7 /* CoreGraphics.framework in Frameworks */,
				9D9EAA5B1804E8FD00E2A6C7 /* UIKit.framework in Frameworks */,
				9D9EAA571804E8FD00E2A6C7 /* Foundation.framework in Frameworks */,
			);
			runOnlyForDeploymentPostprocessing = 0;
		};
		9D9EAA711804E8FD00E2A6C7 /* Frameworks */ = {
			isa = PBXFrameworksBuildPhase;
			buildActionMask = 2147483647;
			files = (
				9D9EAA761804E8FD00E2A6C7 /* XCTest.framework in Frameworks */,
				9D9EAA781804E8FD00E2A6C7 /* UIKit.framework in Frameworks */,
				9D9EAA771804E8FD00E2A6C7 /* Foundation.framework in Frameworks */,
			);
			runOnlyForDeploymentPostprocessing = 0;
		};
/* End PBXFrameworksBuildPhase section */

/* Begin PBXGroup section */
		9D9EAA4A1804E8FD00E2A6C7 = {
			isa = PBXGroup;
			children = (
				9D9EAA5C1804E8FD00E2A6C7 /* PluralDemo */,
				9D9EAA7B1804E8FD00E2A6C7 /* PluralDemoTests */,
				9D9EAA551804E8FD00E2A6C7 /* Frameworks */,
				9D9EAA541804E8FD00E2A6C7 /* Products */,
			);
			sourceTree = "<group>";
		};
		9D9EAA541804E8FD00E2A6C7 /* Products */ = {
			isa = PBXGroup;
			children = (
				9D9EAA531804E8FD00E2A6C7 /* PluralDemo.app */,
				9D9EAA741804E8FD00E2A6C7 /* PluralDemoTests.xctest */,
			);
			name = Products;
			sourceTree = "<group>";
		};
		9D9EAA551804E8FD00E2A6C7 /* Frameworks */ = {
			isa = PBXGroup;
			children = (
				9D9EAA561804E8FD00E2A6C7 /* Foundation.framework */,
				9D9EAA581804E8FD00E2A6C7 /* CoreGraphics.framework */,
				9D9EAA5A1804E8FD00E2A6C7 /* UIKit.framework */,
				9D9EAA751804E8FD00E2A6C7 /* XCTest.framework */,
			);
			name = Frameworks;
			sourceTree = "<group>";
		};
		9D9EAA5C1804E8FD00E2A6C7 /* PluralDemo */ = {
			isa = PBXGroup;
			children = (
				9D9EAA651804E8FD00E2A6C7 /* ORSAppDelegate.h */,
				9D9EAA661804E8FD00E2A6C7 /* ORSAppDelegate.m */,
				9D9EAA681804E8FD00E2A6C7 /* Main.storyboard */,
				9D9EAA6B1804E8FD00E2A6C7 /* ORSViewController.h */,
				9D9EAA6C1804E8FD00E2A6C7 /* ORSViewController.m */,
				9D9EAA6E1804E8FD00E2A6C7 /* Images.xcassets */,
				9D9EAA5D1804E8FD00E2A6C7 /* Supporting Files */,
				9D9EAA8F1804F7B200E2A6C7 /* Localizable.stringsdict */,
			);
			path = PluralDemo;
			sourceTree = "<group>";
		};
		9D9EAA5D1804E8FD00E2A6C7 /* Supporting Files */ = {
			isa = PBXGroup;
			children = (
				9D9EAA5E1804E8FD00E2A6C7 /* PluralDemo-Info.plist */,
				9D9EAA5F1804E8FD00E2A6C7 /* InfoPlist.strings */,
				9D9EAA621804E8FD00E2A6C7 /* main.m */,
				9D9EAA641804E8FD00E2A6C7 /* PluralDemo-Prefix.pch */,
			);
			name = "Supporting Files";
			sourceTree = "<group>";
		};
		9D9EAA7B1804E8FD00E2A6C7 /* PluralDemoTests */ = {
			isa = PBXGroup;
			children = (
				9D9EAA811804E8FD00E2A6C7 /* PluralDemoTests.m */,
				9D9EAA7C1804E8FD00E2A6C7 /* Supporting Files */,
			);
			path = PluralDemoTests;
			sourceTree = "<group>";
		};
		9D9EAA7C1804E8FD00E2A6C7 /* Supporting Files */ = {
			isa = PBXGroup;
			children = (
				9D9EAA7D1804E8FD00E2A6C7 /* PluralDemoTests-Info.plist */,
				9D9EAA7E1804E8FD00E2A6C7 /* InfoPlist.strings */,
			);
			name = "Supporting Files";
			sourceTree = "<group>";
		};
/* End PBXGroup section */

/* Begin PBXNativeTarget section */
		9D9EAA521804E8FD00E2A6C7 /* PluralDemo */ = {
			isa = PBXNativeTarget;
			buildConfigurationList = 9D9EAA851804E8FD00E2A6C7 /* Build configuration list for PBXNativeTarget "PluralDemo" */;
			buildPhases = (
				9D9EAA4F1804E8FD00E2A6C7 /* Sources */,
				9D9EAA501804E8FD00E2A6C7 /* Frameworks */,
				9D9EAA511804E8FD00E2A6C7 /* Resources */,
			);
			buildRules = (
			);
			dependencies = (
			);
			name = PluralDemo;
			productName = PluralDemo;
			productReference = 9D9EAA531804E8FD00E2A6C7 /* PluralDemo.app */;
			productType = "com.apple.product-type.application";
		};
		9D9EAA731804E8FD00E2A6C7 /* PluralDemoTests */ = {
			isa = PBXNativeTarget;
			buildConfigurationList = 9D9EAA881804E8FD00E2A6C7 /* Build configuration list for PBXNativeTarget "PluralDemoTests" */;
			buildPhases = (
				9D9EAA701804E8FD00E2A6C7 /* Sources */,
				9D9EAA711804E8FD00E2A6C7 /* Frameworks */,
				9D9EAA721804E8FD00E2A6C7 /* Resources */,
			);
			buildRules = (
			);
			dependencies = (
				9D9EAA7A1804E8FD00E2A6C7 /* PBXTargetDependency */,
			);
			name = PluralDemoTests;
			productName = PluralDemoTests;
			productReference = 9D9EAA741804E8FD00E2A6C7 /* PluralDemoTests.xctest */;
			productType = "com.apple.product-type.bundle.unit-test";
		};
/* End PBXNativeTarget section */

/* Begin PBXProject section */
		9D9EAA4B1804E8FD00E2A6C7 /* Project object */ = {
			isa = PBXProject;
			attributes = {
				CLASSPREFIX = ORS;
				LastUpgradeCheck = 0500;
				ORGANIZATIONNAME = "Open Reel Software";
				TargetAttributes = {
					9D9EAA731804E8FD00E2A6C7 = {
						TestTargetID = 9D9EAA521804E8FD00E2A6C7;
					};
				};
			};
			buildConfigurationList = 9D9EAA4E1804E8FD00E2A6C7 /* Build configuration list for PBXProject "PluralDemo" */;
			compatibilityVersion = "Xcode 3.2";
			developmentRegion = English;
			hasScannedForEncodings = 0;
			knownRegions = (
				en,
				Base,
			);
			mainGroup = 9D9EAA4A1804E8FD00E2A6C7;
			productRefGroup = 9D9EAA541804E8FD00E2A6C7 /* Products */;
			projectDirPath = "";
			projectRoot = "";
			targets = (
				9D9EAA521804E8FD00E2A6C7 /* PluralDemo */,
				9D9EAA731804E8FD00E2A6C7 /* PluralDemoTests */,
			);
		};
/* End PBXProject section */

/* Begin PBXResourcesBuildPhase section */
		9D9EAA511804E8FD00E2A6C7 /* Resources */ = {
			isa = PBXResourcesBuildPhase;
			buildActionMask = 2147483647;
			files = (
				9D9EAA6F1804E8FD00E2A6C7 /* Images.xcassets in Resources */,
				9D9EAA911804F7B200E2A6C7 /* Localizable.stringsdict in Resources */,
				9D9EAA611804E8FD00E2A6C7 /* InfoPlist.strings in Resources */,
				9D9EAA6A1804E8FD00E2A6C7 /* Main.storyboard in Resources */,
			);
			runOnlyForDeploymentPostprocessing = 0;
		};
		9D9EAA721804E8FD00E2A6C7 /* Resources */ = {
			isa = PBXResourcesBuildPhase;
			buildActionMask = 2147483647;
			files = (
				9D9EAA801804E8FD00E2A6C7 /* InfoPlist.strings in Resources */,
			);
			runOnlyForDeploymentPostprocessing = 0;
		};
/* End PBXResourcesBuildPhase section */

/* Begin PBXSourcesBuildPhase section */
		9D9EAA4F1804E8FD00E2A6C7 /* Sources */ = {
			isa = PBXSourcesBuildPhase;
			buildActionMask = 2147483647;
			files = (
				9D9EAA631804E8FD00E2A6C7 /* main.m in Sources */,
				9D9EAA671804E8FD00E2A6C7 /* ORSAppDelegate.m in Sources */,
				9D9EAA6D1804E8FD00E2A6C7 /* ORSViewController.m in Sources */,
			);
			runOnlyForDeploymentPostprocessing = 0;
		};
		9D9EAA701804E8FD00E2A6C7 /* Sources */ = {
			isa = PBXSourcesBuildPhase;
			buildActionMask = 2147483647;
			files = (
				9D9EAA821804E8FD00E2A6C7 /* PluralDemoTests.m in Sources */,
			);
			runOnlyForDeploymentPostprocessing = 0;
		};
/* End PBXSourcesBuildPhase section */

/* Begin PBXTargetDependency section */
		9D9EAA7A1804E8FD00E2A6C7 /* PBXTargetDependency */ = {
			isa = PBXTargetDependency;
			target = 9D9EAA521804E8FD00E2A6C7 /* PluralDemo */;
			targetProxy = 9D9EAA791804E8FD00E2A6C7 /* PBXContainerItemProxy */;
		};
/* End PBXTargetDependency section */

/* Begin PBXVariantGroup section */
		9D9EAA5F1804E8FD00E2A6C7 /* InfoPlist.strings */ = {
			isa = PBXVariantGroup;
			children = (
				9D9EAA601804E8FD00E2A6C7 /* en */,
			);
			name = InfoPlist.strings;
			sourceTree = "<group>";
		};
		9D9EAA681804E8FD00E2A6C7 /* Main.storyboard */ = {
			isa = PBXVariantGroup;
			children = (
				9D9EAA691804E8FD00E2A6C7 /* Base */,
			);
			name = Main.storyboard;
			sourceTree = "<group>";
		};
		9D9EAA7E1804E8FD00E2A6C7 /* InfoPlist.strings */ = {
			isa = PBXVariantGroup;
			children = (
				9D9EAA7F1804E8FD00E2A6C7 /* en */,
			);
			name = InfoPlist.strings;
			sourceTree = "<group>";
		};
		9D9EAA8F1804F7B200E2A6C7 /* Localizable.stringsdict */ = {
			isa = PBXVariantGroup;
			children = (
				9D9EAA901804F7B200E2A6C7 /* en */,
				9D9EAA921804F8C200E2A6C7 /* Base */,
			);
			name = Localizable.stringsdict;
			sourceTree = "<group>";
		};
/* End PBXVariantGroup section */

/* Begin XCBuildConfiguration section */
		9D9EAA831804E8FD00E2A6C7 /* Debug */ = {
			isa = XCBuildConfiguration;
			buildSettings = {
				ALWAYS_SEARCH_USER_PATHS = NO;
				CLANG_CXX_LANGUAGE_STANDARD = "gnu++0x";
				CLANG_CXX_LIBRARY = "libc++";
				CLANG_ENABLE_MODULES = YES;
				CLANG_ENABLE_OBJC_ARC = YES;
				CLANG_WARN_BOOL_CONVERSION = YES;
				CLANG_WARN_CONSTANT_CONVERSION = YES;
				CLANG_WARN_DIRECT_OBJC_ISA_USAGE = YES_ERROR;
				CLANG_WARN_EMPTY_BODY = YES;
				CLANG_WARN_ENUM_CONVERSION = YES;
				CLANG_WARN_INT_CONVERSION = YES;
				CLANG_WARN_OBJC_ROOT_CLASS = YES_ERROR;
				CLANG_WARN__DUPLICATE_METHOD_MATCH = YES;
				"CODE_SIGN_IDENTITY[sdk=iphoneos*]" = "iPhone Developer";
				COPY_PHASE_STRIP = NO;
				GCC_C_LANGUAGE_STANDARD = gnu99;
				GCC_DYNAMIC_NO_PIC = NO;
				GCC_OPTIMIZATION_LEVEL = 0;
				GCC_PREPROCESSOR_DEFINITIONS = (
					"DEBUG=1",
					"$(inherited)",
				);
				GCC_SYMBOLS_PRIVATE_EXTERN = NO;
				GCC_WARN_ABOUT_RETURN_TYPE = YES_ERROR;
				GCC_WARN_UNDECLARED_SELECTOR = YES;
				GCC_WARN_UNINITIALIZED_AUTOS = YES;
				GCC_WARN_UNUSED_FUNCTION = YES;
				GCC_WARN_UNUSED_VARIABLE = YES;
				IPHONEOS_DEPLOYMENT_TARGET = 7.0;
				ONLY_ACTIVE_ARCH = YES;
				SDKROOT = iphoneos;
			};
			name = Debug;
		};
		9D9EAA841804E8FD00E2A6C7 /* Release */ = {
			isa = XCBuildConfiguration;
			buildSettings = {
				ALWAYS_SEARCH_USER_PATHS = NO;
				CLANG_CXX_LANGUAGE_STANDARD = "gnu++0x";
				CLANG_CXX_LIBRARY = "libc++";
				CLANG_ENABLE_MODULES = YES;
				CLANG_ENABLE_OBJC_ARC = YES;
				CLANG_WARN_BOOL_CONVERSION = YES;
				CLANG_WARN_CONSTANT_CONVERSION = YES;
				CLANG_WARN_DIRECT_OBJC_ISA_USAGE = YES_ERROR;
				CLANG_WARN_EMPTY_BODY = YES;
				CLANG_WARN_ENUM_CONVERSION = YES;
				CLANG_WARN_INT_CONVERSION = YES;
				CLANG_WARN_OBJC_ROOT_CLASS = YES_ERROR;
				CLANG_WARN__DUPLICATE_METHOD_MATCH = YES;
				"CODE_SIGN_IDENTITY[sdk=iphoneos*]" = "iPhone Developer";
				COPY_PHASE_STRIP = YES;
				ENABLE_NS_ASSERTIONS = NO;
				GCC_C_LANGUAGE_STANDARD = gnu99;
				GCC_WARN_ABOUT_RETURN_TYPE = YES_ERROR;
				GCC_WARN_UNDECLARED_SELECTOR = YES;
				GCC_WARN_UNINITIALIZED_AUTOS = YES;
				GCC_WARN_UNUSED_FUNCTION = YES;
				GCC_WARN_UNUSED_VARIABLE = YES;
				IPHONEOS_DEPLOYMENT_TARGET = 7.0;
				SDKROOT = iphoneos;
				VALIDATE_PRODUCT = YES;
			};
			name = Release;
		};
		9D9EAA861804E8FD00E2A6C7 /* Debug */ = {
			isa = XCBuildConfiguration;
			buildSettings = {
				ASSETCATALOG_COMPILER_APPICON_NAME = AppIcon;
				ASSETCATALOG_COMPILER_LAUNCHIMAGE_NAME = LaunchImage;
				GCC_PRECOMPILE_PREFIX_HEADER = YES;
				GCC_PREFIX_HEADER = "PluralDemo/PluralDemo-Prefix.pch";
				INFOPLIST_FILE = "PluralDemo/PluralDemo-Info.plist";
				PRODUCT_NAME = "$(TARGET_NAME)";
				WRAPPER_EXTENSION = app;
			};
			name = Debug;
		};
		9D9EAA871804E8FD00E2A6C7 /* Release */ = {
			isa = XCBuildConfiguration;
			buildSettings = {
				ASSETCATALOG_COMPILER_APPICON_NAME = AppIcon;
				ASSETCATALOG_COMPILER_LAUNCHIMAGE_NAME = LaunchImage;
				GCC_PRECOMPILE_PREFIX_HEADER = YES;
				GCC_PREFIX_HEADER = "PluralDemo/PluralDemo-Prefix.pch";
				INFOPLIST_FILE = "PluralDemo/PluralDemo-Info.plist";
				PRODUCT_NAME = "$(TARGET_NAME)";
				WRAPPER_EXTENSION = app;
			};
			name = Release;
		};
		9D9EAA891804E8FD00E2A6C7 /* Debug */ = {
			isa = XCBuildConfiguration;
			buildSettings = {
				BUNDLE_LOADER = "$(BUILT_PRODUCTS_DIR)/PluralDemo.app/PluralDemo";
				FRAMEWORK_SEARCH_PATHS = (
					"$(SDKROOT)/Developer/Library/Frameworks",
					"$(inherited)",
					"$(DEVELOPER_FRAMEWORKS_DIR)",
				);
				GCC_PRECOMPILE_PREFIX_HEADER = YES;
				GCC_PREFIX_HEADER = "PluralDemo/PluralDemo-Prefix.pch";
				GCC_PREPROCESSOR_DEFINITIONS = (
					"DEBUG=1",
					"$(inherited)",
				);
				INFOPLIST_FILE = "PluralDemoTests/PluralDemoTests-Info.plist";
				PRODUCT_NAME = "$(TARGET_NAME)";
				TEST_HOST = "$(BUNDLE_LOADER)";
				WRAPPER_EXTENSION = xctest;
			};
			name = Debug;
		};
		9D9EAA8A1804E8FD00E2A6C7 /* Release */ = {
			isa = XCBuildConfiguration;
			buildSettings = {
				BUNDLE_LOADER = "$(BUILT_PRODUCTS_DIR)/PluralDemo.app/PluralDemo";
				FRAMEWORK_SEARCH_PATHS = (
					"$(SDKROOT)/Developer/Library/Frameworks",
					"$(inherited)",
					"$(DEVELOPER_FRAMEWORKS_DIR)",
				);
				GCC_PRECOMPILE_PREFIX_HEADER = YES;
				GCC_PREFIX_HEADER = "PluralDemo/PluralDemo-Prefix.pch";
				INFOPLIST_FILE = "PluralDemoTests/PluralDemoTests-Info.plist";
				PRODUCT_NAME = "$(TARGET_NAME)";
				TEST_HOST = "$(BUNDLE_LOADER)";
				WRAPPER_EXTENSION = xctest;
			};
			name = Release;
		};
/* End XCBuildConfiguration section */

/* Begin XCConfigurationList section */
		9D9EAA4E1804E8FD00E2A6C7 /* Build configuration list for PBXProject "PluralDemo" */ = {
			isa = XCConfigurationList;
			buildConfigurations = (
				9D9EAA831804E8FD00E2A6C7 /* Debug */,
				9D9EAA841804E8FD00E2A6C7 /* Release */,
			);
			defaultConfigurationIsVisible = 0;
			defaultConfigurationName = Release;
		};
		9D9EAA851804E8FD00E2A6C7 /* Build configuration list for PBXNativeTarget "PluralDemo" */ = {
			isa = XCConfigurationList;
			buildConfigurations = (
				9D9EAA861804E8FD00E2A6C7 /* Debug */,
				9D9EAA871804E8FD00E2A6C7 /* Release */,
			);
			defaultConfigurationIsVisible = 0;
		};
		9D9EAA881804E8FD00E2A6C7 /* Build configuration list for PBXNativeTarget "PluralDemoTests" */ = {
			isa = XCConfigurationList;
			buildConfigurations = (
				9D9EAA891804E8FD00E2A6C7 /* Debug */,
				9D9EAA8A1804E8FD00E2A6C7 /* Release */,
			);
			defaultConfigurationIsVisible = 0;
		};
/* End XCConfigurationList section */
	};
	rootObject = 9D9EAA4B1804E8FD00E2A6C7 /* Project object */;
}
