// !$*UTF8*$!
{
	archiveVersion = 1;
	classes = {
	};
	objectVersion = 46;
	objects = {

/* Begin PBXBuildFile section */
		B092167E180655160046F890 /* Foundation.framework in Frameworks */ = {isa = PBXBuildFile; fileRef = B092167D180655160046F890 /* Foundation.framework */; };
		B0921680180655160046F890 /* CoreGraphics.framework in Frameworks */ = {isa = PBXBuildFile; fileRef = B092167F180655160046F890 /* CoreGraphics.framework */; };
		B0921682180655160046F890 /* UIKit.framework in Frameworks */ = {isa = PBXBuildFile; fileRef = B0921681180655160046F890 /* UIKit.framework */; };
		B0921688180655160046F890 /* InfoPlist.strings in Resources */ = {isa = PBXBuildFile; fileRef = B0921686180655160046F890 /* InfoPlist.strings */; };
		B092168A180655160046F890 /* main.m in Sources */ = {isa = PBXBuildFile; fileRef = B0921689180655160046F890 /* main.m */; };
		B092168E180655160046F890 /* PMLAppDelegate.m in Sources */ = {isa = PBXBuildFile; fileRef = B092168D180655160046F890 /* PMLAppDelegate.m */; };
		B0921691180655160046F890 /* Main.storyboard in Resources */ = {isa = PBXBuildFile; fileRef = B092168F180655160046F890 /* Main.storyboard */; };
		B0921694180655160046F890 /* PMLViewController.m in Sources */ = {isa = PBXBuildFile; fileRef = B0921693180655160046F890 /* PMLViewController.m */; };
		B0921696180655160046F890 /* Images.xcassets in Resources */ = {isa = PBXBuildFile; fileRef = B0921695180655160046F890 /* Images.xcassets */; };
		B092169D180655160046F890 /* XCTest.framework in Frameworks */ = {isa = PBXBuildFile; fileRef = B092169C180655160046F890 /* XCTest.framework */; };
		B092169E180655160046F890 /* Foundation.framework in Frameworks */ = {isa = PBXBuildFile; fileRef = B092167D180655160046F890 /* Foundation.framework */; };
		B092169F180655160046F890 /* UIKit.framework in Frameworks */ = {isa = PBXBuildFile; fileRef = B0921681180655160046F890 /* UIKit.framework */; };
		B09216A7180655160046F890 /* InfoPlist.strings in Resources */ = {isa = PBXBuildFile; fileRef = B09216A5180655160046F890 /* InfoPlist.strings */; };
		B09216A9180655160046F890 /* SkiBumMenuTests.m in Sources */ = {isa = PBXBuildFile; fileRef = B09216A8180655160046F890 /* SkiBumMenuTests.m */; };
		B09216B4180655C00046F890 /* PMLCopyImageView.m in Sources */ = {isa = PBXBuildFile; fileRef = B09216B3180655C00046F890 /* PMLCopyImageView.m */; };
		B09216B7180656810046F890 /* PMLCutPasteAndFlipImageView.m in Sources */ = {isa = PBXBuildFile; fileRef = B09216B6180656810046F890 /* PMLCutPasteAndFlipImageView.m */; };
		B09216BB180659D00046F890 /* skibum-1.png in Resources */ = {isa = PBXBuildFile; fileRef = B09216B8180659D00046F890 /* skibum-1.png */; };
		B09216BC180659D00046F890 /* skibum-2.png in Resources */ = {isa = PBXBuildFile; fileRef = B09216B9180659D00046F890 /* skibum-2.png */; };
		B09216BD180659D00046F890 /* skibum-3.png in Resources */ = {isa = PBXBuildFile; fileRef = B09216BA180659D00046F890 /* skibum-3.png */; };
/* End PBXBuildFile section */

/* Begin PBXContainerItemProxy section */
		B09216A0180655160046F890 /* PBXContainerItemProxy */ = {
			isa = PBXContainerItemProxy;
			containerPortal = B0921672180655160046F890 /* Project object */;
			proxyType = 1;
			remoteGlobalIDString = B0921679180655160046F890;
			remoteInfo = SkiBumMenu;
		};
/* End PBXContainerItemProxy section */

/* Begin PBXFileReference section */
		B092167A180655160046F890 /* SkiBumMenu.app */ = {isa = PBXFileReference; explicitFileType = wrapper.application; includeInIndex = 0; path = SkiBumMenu.app; sourceTree = BUILT_PRODUCTS_DIR; };
		B092167D180655160046F890 /* Foundation.framework */ = {isa = PBXFileReference; lastKnownFileType = wrapper.framework; name = Foundation.framework; path = System/Library/Frameworks/Foundation.framework; sourceTree = SDKROOT; };
		B092167F180655160046F890 /* CoreGraphics.framework */ = {isa = PBXFileReference; lastKnownFileType = wrapper.framework; name = CoreGraphics.framework; path = System/Library/Frameworks/CoreGraphics.framework; sourceTree = SDKROOT; };
		B0921681180655160046F890 /* UIKit.framework */ = {isa = PBXFileReference; lastKnownFileType = wrapper.framework; name = UIKit.framework; path = System/Library/Frameworks/UIKit.framework; sourceTree = SDKROOT; };
		B0921685180655160046F890 /* SkiBumMenu-Info.plist */ = {isa = PBXFileReference; lastKnownFileType = text.plist.xml; path = "SkiBumMenu-Info.plist"; sourceTree = "<group>"; };
		B0921687180655160046F890 /* en */ = {isa = PBXFileReference; lastKnownFileType = text.plist.strings; name = en; path = en.lproj/InfoPlist.strings; sourceTree = "<group>"; };
		B0921689180655160046F890 /* main.m */ = {isa = PBXFileReference; lastKnownFileType = sourcecode.c.objc; path = main.m; sourceTree = "<group>"; };
		B092168B180655160046F890 /* SkiBumMenu-Prefix.pch */ = {isa = PBXFileReference; lastKnownFileType = sourcecode.c.h; path = "SkiBumMenu-Prefix.pch"; sourceTree = "<group>"; };
		B092168C180655160046F890 /* PMLAppDelegate.h */ = {isa = PBXFileReference; lastKnownFileType = sourcecode.c.h; path = PMLAppDelegate.h; sourceTree = "<group>"; };
		B092168D180655160046F890 /* PMLAppDelegate.m */ = {isa = PBXFileReference; lastKnownFileType = sourcecode.c.objc; path = PMLAppDelegate.m; sourceTree = "<group>"; };
		B0921690180655160046F890 /* Base */ = {isa = PBXFileReference; lastKnownFileType = file.storyboard; name = Base; path = Base.lproj/Main.storyboard; sourceTree = "<group>"; };
		B0921692180655160046F890 /* PMLViewController.h */ = {isa = PBXFileReference; lastKnownFileType = sourcecode.c.h; path = PMLViewController.h; sourceTree = "<group>"; };
		B0921693180655160046F890 /* PMLViewController.m */ = {isa = PBXFileReference; lastKnownFileType = sourcecode.c.objc; path = PMLViewController.m; sourceTree = "<group>"; };
		B0921695180655160046F890 /* Images.xcassets */ = {isa = PBXFileReference; lastKnownFileType = folder.assetcatalog; path = Images.xcassets; sourceTree = "<group>"; };
		B092169B180655160046F890 /* SkiBumMenuTests.xctest */ = {isa = PBXFileReference; explicitFileType = wrapper.cfbundle; includeInIndex = 0; path = SkiBumMenuTests.xctest; sourceTree = BUILT_PRODUCTS_DIR; };
		B092169C180655160046F890 /* XCTest.framework */ = {isa = PBXFileReference; lastKnownFileType = wrapper.framework; name = XCTest.framework; path = Library/Frameworks/XCTest.framework; sourceTree = DEVELOPER_DIR; };
		B09216A4180655160046F890 /* SkiBumMenuTests-Info.plist */ = {isa = PBXFileReference; lastKnownFileType = text.plist.xml; path = "SkiBumMenuTests-Info.plist"; sourceTree = "<group>"; };
		B09216A6180655160046F890 /* en */ = {isa = PBXFileReference; lastKnownFileType = text.plist.strings; name = en; path = en.lproj/InfoPlist.strings; sourceTree = "<group>"; };
		B09216A8180655160046F890 /* SkiBumMenuTests.m */ = {isa = PBXFileReference; lastKnownFileType = sourcecode.c.objc; path = SkiBumMenuTests.m; sourceTree = "<group>"; };
		B09216B2180655C00046F890 /* PMLCopyImageView.h */ = {isa = PBXFileReference; fileEncoding = 4; lastKnownFileType = sourcecode.c.h; path = PMLCopyImageView.h; sourceTree = "<group>"; };
		B09216B3180655C00046F890 /* PMLCopyImageView.m */ = {isa = PBXFileReference; fileEncoding = 4; lastKnownFileType = sourcecode.c.objc; path = PMLCopyImageView.m; sourceTree = "<group>"; };
		B09216B5180656810046F890 /* PMLCutPasteAndFlipImageView.h */ = {isa = PBXFileReference; fileEncoding = 4; lastKnownFileType = sourcecode.c.h; path = PMLCutPasteAndFlipImageView.h; sourceTree = "<group>"; };
		B09216B6180656810046F890 /* PMLCutPasteAndFlipImageView.m */ = {isa = PBXFileReference; fileEncoding = 4; lastKnownFileType = sourcecode.c.objc; path = PMLCutPasteAndFlipImageView.m; sourceTree = "<group>"; };
		B09216B8180659D00046F890 /* skibum-1.png */ = {isa = PBXFileReference; lastKnownFileType = image.png; path = "skibum-1.png"; sourceTree = "<group>"; };
		B09216B9180659D00046F890 /* skibum-2.png */ = {isa = PBXFileReference; lastKnownFileType = image.png; path = "skibum-2.png"; sourceTree = "<group>"; };
		B09216BA180659D00046F890 /* skibum-3.png */ = {isa = PBXFileReference; lastKnownFileType = image.png; path = "skibum-3.png"; sourceTree = "<group>"; };
/* End PBXFileReference section */

/* Begin PBXFrameworksBuildPhase section */
		B0921677180655160046F890 /* Frameworks */ = {
			isa = PBXFrameworksBuildPhase;
			buildActionMask = 2147483647;
			files = (
				B0921680180655160046F890 /* CoreGraphics.framework in Frameworks */,
				B0921682180655160046F890 /* UIKit.framework in Frameworks */,
				B092167E180655160046F890 /* Foundation.framework in Frameworks */,
			);
			runOnlyForDeploymentPostprocessing = 0;
		};
		B0921698180655160046F890 /* Frameworks */ = {
			isa = PBXFrameworksBuildPhase;
			buildActionMask = 2147483647;
			files = (
				B092169D180655160046F890 /* XCTest.framework in Frameworks */,
				B092169F180655160046F890 /* UIKit.framework in Frameworks */,
				B092169E180655160046F890 /* Foundation.framework in Frameworks */,
			);
			runOnlyForDeploymentPostprocessing = 0;
		};
/* End PBXFrameworksBuildPhase section */

/* Begin PBXGroup section */
		B0921671180655160046F890 = {
			isa = PBXGroup;
			children = (
				B0921683180655160046F890 /* SkiBumMenu */,
				B09216A2180655160046F890 /* SkiBumMenuTests */,
				B092167C180655160046F890 /* Frameworks */,
				B092167B180655160046F890 /* Products */,
			);
			sourceTree = "<group>";
		};
		B092167B180655160046F890 /* Products */ = {
			isa = PBXGroup;
			children = (
				B092167A180655160046F890 /* SkiBumMenu.app */,
				B092169B180655160046F890 /* SkiBumMenuTests.xctest */,
			);
			name = Products;
			sourceTree = "<group>";
		};
		B092167C180655160046F890 /* Frameworks */ = {
			isa = PBXGroup;
			children = (
				B092167D180655160046F890 /* Foundation.framework */,
				B092167F180655160046F890 /* CoreGraphics.framework */,
				B0921681180655160046F890 /* UIKit.framework */,
				B092169C180655160046F890 /* XCTest.framework */,
			);
			name = Frameworks;
			sourceTree = "<group>";
		};
		B0921683180655160046F890 /* SkiBumMenu */ = {
			isa = PBXGroup;
			children = (
				B092168C180655160046F890 /* PMLAppDelegate.h */,
				B092168D180655160046F890 /* PMLAppDelegate.m */,
				B092168F180655160046F890 /* Main.storyboard */,
				B0921692180655160046F890 /* PMLViewController.h */,
				B0921693180655160046F890 /* PMLViewController.m */,
				B09216B2180655C00046F890 /* PMLCopyImageView.h */,
				B09216B3180655C00046F890 /* PMLCopyImageView.m */,
				B09216B5180656810046F890 /* PMLCutPasteAndFlipImageView.h */,
				B09216B6180656810046F890 /* PMLCutPasteAndFlipImageView.m */,
				B0921695180655160046F890 /* Images.xcassets */,
				B09216B8180659D00046F890 /* skibum-1.png */,
				B09216B9180659D00046F890 /* skibum-2.png */,
				B09216BA180659D00046F890 /* skibum-3.png */,
				B0921684180655160046F890 /* Supporting Files */,
			);
			path = SkiBumMenu;
			sourceTree = "<group>";
		};
		B0921684180655160046F890 /* Supporting Files */ = {
			isa = PBXGroup;
			children = (
				B0921685180655160046F890 /* SkiBumMenu-Info.plist */,
				B0921686180655160046F890 /* InfoPlist.strings */,
				B0921689180655160046F890 /* main.m */,
				B092168B180655160046F890 /* SkiBumMenu-Prefix.pch */,
			);
			name = "Supporting Files";
			sourceTree = "<group>";
		};
		B09216A2180655160046F890 /* SkiBumMenuTests */ = {
			isa = PBXGroup;
			children = (
				B09216A8180655160046F890 /* SkiBumMenuTests.m */,
				B09216A3180655160046F890 /* Supporting Files */,
			);
			path = SkiBumMenuTests;
			sourceTree = "<group>";
		};
		B09216A3180655160046F890 /* Supporting Files */ = {
			isa = PBXGroup;
			children = (
				B09216A4180655160046F890 /* SkiBumMenuTests-Info.plist */,
				B09216A5180655160046F890 /* InfoPlist.strings */,
			);
			name = "Supporting Files";
			sourceTree = "<group>";
		};
/* End PBXGroup section */

/* Begin PBXNativeTarget section */
		B0921679180655160046F890 /* SkiBumMenu */ = {
			isa = PBXNativeTarget;
			buildConfigurationList = B09216AC180655160046F890 /* Build configuration list for PBXNativeTarget "SkiBumMenu" */;
			buildPhases = (
				B0921676180655160046F890 /* Sources */,
				B0921677180655160046F890 /* Frameworks */,
				B0921678180655160046F890 /* Resources */,
			);
			buildRules = (
			);
			dependencies = (
			);
			name = SkiBumMenu;
			productName = SkiBumMenu;
			productReference = B092167A180655160046F890 /* SkiBumMenu.app */;
			productType = "com.apple.product-type.application";
		};
		B092169A180655160046F890 /* SkiBumMenuTests */ = {
			isa = PBXNativeTarget;
			buildConfigurationList = B09216AF180655160046F890 /* Build configuration list for PBXNativeTarget "SkiBumMenuTests" */;
			buildPhases = (
				B0921697180655160046F890 /* Sources */,
				B0921698180655160046F890 /* Frameworks */,
				B0921699180655160046F890 /* Resources */,
			);
			buildRules = (
			);
			dependencies = (
				B09216A1180655160046F890 /* PBXTargetDependency */,
			);
			name = SkiBumMenuTests;
			productName = SkiBumMenuTests;
			productReference = B092169B180655160046F890 /* SkiBumMenuTests.xctest */;
			productType = "com.apple.product-type.bundle.unit-test";
		};
/* End PBXNativeTarget section */

/* Begin PBXProject section */
		B0921672180655160046F890 /* Project object */ = {
			isa = PBXProject;
			attributes = {
				CLASSPREFIX = PML;
				LastUpgradeCheck = 0500;
				ORGANIZATIONNAME = "postmechanical, LLC";
				TargetAttributes = {
					B092169A180655160046F890 = {
						TestTargetID = B0921679180655160046F890;
					};
				};
			};
			buildConfigurationList = B0921675180655160046F890 /* Build configuration list for PBXProject "SkiBumMenu" */;
			compatibilityVersion = "Xcode 3.2";
			developmentRegion = English;
			hasScannedForEncodings = 0;
			knownRegions = (
				en,
				Base,
			);
			mainGroup = B0921671180655160046F890;
			productRefGroup = B092167B180655160046F890 /* Products */;
			projectDirPath = "";
			projectRoot = "";
			targets = (
				B0921679180655160046F890 /* SkiBumMenu */,
				B092169A180655160046F890 /* SkiBumMenuTests */,
			);
		};
/* End PBXProject section */

/* Begin PBXResourcesBuildPhase section */
		B0921678180655160046F890 /* Resources */ = {
			isa = PBXResourcesBuildPhase;
			buildActionMask = 2147483647;
			files = (
				B09216BC180659D00046F890 /* skibum-2.png in Resources */,
				B09216BB180659D00046F890 /* skibum-1.png in Resources */,
				B0921696180655160046F890 /* Images.xcassets in Resources */,
				B0921688180655160046F890 /* InfoPlist.strings in Resources */,
				B09216BD180659D00046F890 /* skibum-3.png in Resources */,
				B0921691180655160046F890 /* Main.storyboard in Resources */,
			);
			runOnlyForDeploymentPostprocessing = 0;
		};
		B0921699180655160046F890 /* Resources */ = {
			isa = PBXResourcesBuildPhase;
			buildActionMask = 2147483647;
			files = (
				B09216A7180655160046F890 /* InfoPlist.strings in Resources */,
			);
			runOnlyForDeploymentPostprocessing = 0;
		};
/* End PBXResourcesBuildPhase section */

/* Begin PBXSourcesBuildPhase section */
		B0921676180655160046F890 /* Sources */ = {
			isa = PBXSourcesBuildPhase;
			buildActionMask = 2147483647;
			files = (
				B09216B7180656810046F890 /* PMLCutPasteAndFlipImageView.m in Sources */,
				B0921694180655160046F890 /* PMLViewController.m in Sources */,
				B092168E180655160046F890 /* PMLAppDelegate.m in Sources */,
				B092168A180655160046F890 /* main.m in Sources */,
				B09216B4180655C00046F890 /* PMLCopyImageView.m in Sources */,
			);
			runOnlyForDeploymentPostprocessing = 0;
		};
		B0921697180655160046F890 /* Sources */ = {
			isa = PBXSourcesBuildPhase;
			buildActionMask = 2147483647;
			files = (
				B09216A9180655160046F890 /* SkiBumMenuTests.m in Sources */,
			);
			runOnlyForDeploymentPostprocessing = 0;
		};
/* End PBXSourcesBuildPhase section */

/* Begin PBXTargetDependency section */
		B09216A1180655160046F890 /* PBXTargetDependency */ = {
			isa = PBXTargetDependency;
			target = B0921679180655160046F890 /* SkiBumMenu */;
			targetProxy = B09216A0180655160046F890 /* PBXContainerItemProxy */;
		};
/* End PBXTargetDependency section */

/* Begin PBXVariantGroup section */
		B0921686180655160046F890 /* InfoPlist.strings */ = {
			isa = PBXVariantGroup;
			children = (
				B0921687180655160046F890 /* en */,
			);
			name = InfoPlist.strings;
			sourceTree = "<group>";
		};
		B092168F180655160046F890 /* Main.storyboard */ = {
			isa = PBXVariantGroup;
			children = (
				B0921690180655160046F890 /* Base */,
			);
			name = Main.storyboard;
			sourceTree = "<group>";
		};
		B09216A5180655160046F890 /* InfoPlist.strings */ = {
			isa = PBXVariantGroup;
			children = (
				B09216A6180655160046F890 /* en */,
			);
			name = InfoPlist.strings;
			sourceTree = "<group>";
		};
/* End PBXVariantGroup section */

/* Begin XCBuildConfiguration section */
		B09216AA180655160046F890 /* Debug */ = {
			isa = XCBuildConfiguration;
			buildSettings = {
				ALWAYS_SEARCH_USER_PATHS = NO;
				ARCHS = "$(ARCHS_STANDARD_INCLUDING_64_BIT)";
				CLANG_CXX_LANGUAGE_STANDARD = "gnu++0x";
				CLANG_CXX_LIBRARY = "libc++";
				CLANG_ENABLE_MODULES = YES;
				CLANG_ENABLE_OBJC_ARC = YES;
				CLANG_WARN_BOOL_CONVERSION = YES;
				CLANG_WARN_CONSTANT_CONVERSION = YES;
				CLANG_WARN_DIRECT_OBJC_ISA_USAGE = YES_ERROR;
				CLANG_WARN_EMPTY_BODY = YES;
				CLANG_WARN_ENUM_CONVERSION = YES;
				CLANG_WARN_INT_CONVERSION = YES;
				CLANG_WARN_OBJC_ROOT_CLASS = YES_ERROR;
				CLANG_WARN__DUPLICATE_METHOD_MATCH = YES;
				"CODE_SIGN_IDENTITY[sdk=iphoneos*]" = "iPhone Developer";
				COPY_PHASE_STRIP = NO;
				GCC_C_LANGUAGE_STANDARD = gnu99;
				GCC_DYNAMIC_NO_PIC = NO;
				GCC_OPTIMIZATION_LEVEL = 0;
				GCC_PREPROCESSOR_DEFINITIONS = (
					"DEBUG=1",
					"$(inherited)",
				);
				GCC_SYMBOLS_PRIVATE_EXTERN = NO;
				GCC_WARN_64_TO_32_BIT_CONVERSION = YES;
				GCC_WARN_ABOUT_RETURN_TYPE = YES_ERROR;
				GCC_WARN_UNDECLARED_SELECTOR = YES;
				GCC_WARN_UNINITIALIZED_AUTOS = YES;
				GCC_WARN_UNUSED_FUNCTION = YES;
				GCC_WARN_UNUSED_VARIABLE = YES;
				IPHONEOS_DEPLOYMENT_TARGET = 7.0;
				ONLY_ACTIVE_ARCH = YES;
				SDKROOT = iphoneos;
			};
			name = Debug;
		};
		B09216AB180655160046F890 /* Release */ = {
			isa = XCBuildConfiguration;
			buildSettings = {
				ALWAYS_SEARCH_USER_PATHS = NO;
				ARCHS = "$(ARCHS_STANDARD_INCLUDING_64_BIT)";
				CLANG_CXX_LANGUAGE_STANDARD = "gnu++0x";
				CLANG_CXX_LIBRARY = "libc++";
				CLANG_ENABLE_MODULES = YES;
				CLANG_ENABLE_OBJC_ARC = YES;
				CLANG_WARN_BOOL_CONVERSION = YES;
				CLANG_WARN_CONSTANT_CONVERSION = YES;
				CLANG_WARN_DIRECT_OBJC_ISA_USAGE = YES_ERROR;
				CLANG_WARN_EMPTY_BODY = YES;
				CLANG_WARN_ENUM_CONVERSION = YES;
				CLANG_WARN_INT_CONVERSION = YES;
				CLANG_WARN_OBJC_ROOT_CLASS = YES_ERROR;
				CLANG_WARN__DUPLICATE_METHOD_MATCH = YES;
				"CODE_SIGN_IDENTITY[sdk=iphoneos*]" = "iPhone Developer";
				COPY_PHASE_STRIP = YES;
				ENABLE_NS_ASSERTIONS = NO;
				GCC_C_LANGUAGE_STANDARD = gnu99;
				GCC_WARN_64_TO_32_BIT_CONVERSION = YES;
				GCC_WARN_ABOUT_RETURN_TYPE = YES_ERROR;
				GCC_WARN_UNDECLARED_SELECTOR = YES;
				GCC_WARN_UNINITIALIZED_AUTOS = YES;
				GCC_WARN_UNUSED_FUNCTION = YES;
				GCC_WARN_UNUSED_VARIABLE = YES;
				IPHONEOS_DEPLOYMENT_TARGET = 7.0;
				SDKROOT = iphoneos;
				VALIDATE_PRODUCT = YES;
			};
			name = Release;
		};
		B09216AD180655160046F890 /* Debug */ = {
			isa = XCBuildConfiguration;
			buildSettings = {
				ASSETCATALOG_COMPILER_APPICON_NAME = AppIcon;
				ASSETCATALOG_COMPILER_LAUNCHIMAGE_NAME = LaunchImage;
				GCC_PRECOMPILE_PREFIX_HEADER = YES;
				GCC_PREFIX_HEADER = "SkiBumMenu/SkiBumMenu-Prefix.pch";
				INFOPLIST_FILE = "SkiBumMenu/SkiBumMenu-Info.plist";
				PRODUCT_NAME = "$(TARGET_NAME)";
				WRAPPER_EXTENSION = app;
			};
			name = Debug;
		};
		B09216AE180655160046F890 /* Release */ = {
			isa = XCBuildConfiguration;
			buildSettings = {
				ASSETCATALOG_COMPILER_APPICON_NAME = AppIcon;
				ASSETCATALOG_COMPILER_LAUNCHIMAGE_NAME = LaunchImage;
				GCC_PRECOMPILE_PREFIX_HEADER = YES;
				GCC_PREFIX_HEADER = "SkiBumMenu/SkiBumMenu-Prefix.pch";
				INFOPLIST_FILE = "SkiBumMenu/SkiBumMenu-Info.plist";
				PRODUCT_NAME = "$(TARGET_NAME)";
				WRAPPER_EXTENSION = app;
			};
			name = Release;
		};
		B09216B0180655160046F890 /* Debug */ = {
			isa = XCBuildConfiguration;
			buildSettings = {
				ARCHS = "$(ARCHS_STANDARD_INCLUDING_64_BIT)";
				BUNDLE_LOADER = "$(BUILT_PRODUCTS_DIR)/SkiBumMenu.app/SkiBumMenu";
				FRAMEWORK_SEARCH_PATHS = (
					"$(SDKROOT)/Developer/Library/Frameworks",
					"$(inherited)",
					"$(DEVELOPER_FRAMEWORKS_DIR)",
				);
				GCC_PRECOMPILE_PREFIX_HEADER = YES;
				GCC_PREFIX_HEADER = "SkiBumMenu/SkiBumMenu-Prefix.pch";
				GCC_PREPROCESSOR_DEFINITIONS = (
					"DEBUG=1",
					"$(inherited)",
				);
				INFOPLIST_FILE = "SkiBumMenuTests/SkiBumMenuTests-Info.plist";
				PRODUCT_NAME = "$(TARGET_NAME)";
				TEST_HOST = "$(BUNDLE_LOADER)";
				WRAPPER_EXTENSION = xctest;
			};
			name = Debug;
		};
		B09216B1180655160046F890 /* Release */ = {
			isa = XCBuildConfiguration;
			buildSettings = {
				ARCHS = "$(ARCHS_STANDARD_INCLUDING_64_BIT)";
				BUNDLE_LOADER = "$(BUILT_PRODUCTS_DIR)/SkiBumMenu.app/SkiBumMenu";
				FRAMEWORK_SEARCH_PATHS = (
					"$(SDKROOT)/Developer/Library/Frameworks",
					"$(inherited)",
					"$(DEVELOPER_FRAMEWORKS_DIR)",
				);
				GCC_PRECOMPILE_PREFIX_HEADER = YES;
				GCC_PREFIX_HEADER = "SkiBumMenu/SkiBumMenu-Prefix.pch";
				INFOPLIST_FILE = "SkiBumMenuTests/SkiBumMenuTests-Info.plist";
				PRODUCT_NAME = "$(TARGET_NAME)";
				TEST_HOST = "$(BUNDLE_LOADER)";
				WRAPPER_EXTENSION = xctest;
			};
			name = Release;
		};
/* End XCBuildConfiguration section */

/* Begin XCConfigurationList section */
		B0921675180655160046F890 /* Build configuration list for PBXProject "SkiBumMenu" */ = {
			isa = XCConfigurationList;
			buildConfigurations = (
				B09216AA180655160046F890 /* Debug */,
				B09216AB180655160046F890 /* Release */,
			);
			defaultConfigurationIsVisible = 0;
			defaultConfigurationName = Release;
		};
		B09216AC180655160046F890 /* Build configuration list for PBXNativeTarget "SkiBumMenu" */ = {
			isa = XCConfigurationList;
			buildConfigurations = (
				B09216AD180655160046F890 /* Debug */,
				B09216AE180655160046F890 /* Release */,
			);
			defaultConfigurationIsVisible = 0;
		};
		B09216AF180655160046F890 /* Build configuration list for PBXNativeTarget "SkiBumMenuTests" */ = {
			isa = XCConfigurationList;
			buildConfigurations = (
				B09216B0180655160046F890 /* Debug */,
				B09216B1180655160046F890 /* Release */,
			);
			defaultConfigurationIsVisible = 0;
		};
/* End XCConfigurationList section */
	};
	rootObject = B0921672180655160046F890 /* Project object */;
}
